// !$*UTF8*$!
{
	archiveVersion = 1;
	classes = {
	};
	objectVersion = 46;
	objects = {

/* Begin PBXBuildFile section */
		839696571C58F249008C7C94 /* main.m in Sources */ = {isa = PBXBuildFile; fileRef = 839696561C58F249008C7C94 /* main.m */; };
		8396965F1C58F48D008C7C94 /* SUNBoy.m in Sources */ = {isa = PBXBuildFile; fileRef = 8396965E1C58F48D008C7C94 /* SUNBoy.m */; };
		839696621C58F4B7008C7C94 /* SUNGirl.m in Sources */ = {isa = PBXBuildFile; fileRef = 839696611C58F4B7008C7C94 /* SUNGirl.m */; };
		839696651C58F4CB008C7C94 /* SUNDj.m in Sources */ = {isa = PBXBuildFile; fileRef = 839696641C58F4CB008C7C94 /* SUNDj.m */; };
/* End PBXBuildFile section */

/* Begin PBXCopyFilesBuildPhase section */
		839696511C58F249008C7C94 /* CopyFiles */ = {
			isa = PBXCopyFilesBuildPhase;
			buildActionMask = 2147483647;
			dstPath = /usr/share/man/man1/;
			dstSubfolderSpec = 0;
			files = (
			);
			runOnlyForDeploymentPostprocessing = 1;
		};
/* End PBXCopyFilesBuildPhase section */

/* Begin PBXFileReference section */
		839696531C58F249008C7C94 /* HomeTask3 */ = {isa = PBXFileReference; explicitFileType = "compiled.mach-o.executable"; includeInIndex = 0; path = HomeTask3; sourceTree = BUILT_PRODUCTS_DIR; };
		839696561C58F249008C7C94 /* main.m */ = {isa = PBXFileReference; lastKnownFileType = sourcecode.c.objc; path = main.m; sourceTree = "<group>"; };
		8396965D1C58F48D008C7C94 /* SUNBoy.h */ = {isa = PBXFileReference; fileEncoding = 4; lastKnownFileType = sourcecode.c.h; path = SUNBoy.h; sourceTree = "<group>"; };
		8396965E1C58F48D008C7C94 /* SUNBoy.m */ = {isa = PBXFileReference; fileEncoding = 4; lastKnownFileType = sourcecode.c.objc; path = SUNBoy.m; sourceTree = "<group>"; };
		839696601C58F4B7008C7C94 /* SUNGirl.h */ = {isa = PBXFileReference; fileEncoding = 4; lastKnownFileType = sourcecode.c.h; path = SUNGirl.h; sourceTree = "<group>"; };
		839696611C58F4B7008C7C94 /* SUNGirl.m */ = {isa = PBXFileReference; fileEncoding = 4; lastKnownFileType = sourcecode.c.objc; path = SUNGirl.m; sourceTree = "<group>"; };
		839696631C58F4CB008C7C94 /* SUNDj.h */ = {isa = PBXFileReference; fileEncoding = 4; lastKnownFileType = sourcecode.c.h; path = SUNDj.h; sourceTree = "<group>"; };
		839696641C58F4CB008C7C94 /* SUNDj.m */ = {isa = PBXFileReference; fileEncoding = 4; lastKnownFileType = sourcecode.c.objc; path = SUNDj.m; sourceTree = "<group>"; };
		839696661C590013008C7C94 /* README.txt */ = {isa = PBXFileReference; fileEncoding = 4; lastKnownFileType = text; path = README.txt; sourceTree = "<group>"; };
/* End PBXFileReference section */

/* Begin PBXFrameworksBuildPhase section */
		839696501C58F249008C7C94 /* Frameworks */ = {
			isa = PBXFrameworksBuildPhase;
			buildActionMask = 2147483647;
			files = (
			);
			runOnlyForDeploymentPostprocessing = 0;
		};
/* End PBXFrameworksBuildPhase section */

/* Begin PBXGroup section */
		8396964A1C58F249008C7C94 = {
			isa = PBXGroup;
			children = (
				839696551C58F249008C7C94 /* HomeTask3 */,
				839696541C58F249008C7C94 /* Products */,
			);
			sourceTree = "<group>";
		};
		839696541C58F249008C7C94 /* Products */ = {
			isa = PBXGroup;
			children = (
				839696531C58F249008C7C94 /* HomeTask3 */,
			);
			name = Products;
			sourceTree = "<group>";
		};
		839696551C58F249008C7C94 /* HomeTask3 */ = {
			isa = PBXGroup;
			children = (
				839696561C58F249008C7C94 /* main.m */,
				8396965D1C58F48D008C7C94 /* SUNBoy.h */,
				8396965E1C58F48D008C7C94 /* SUNBoy.m */,
				839696601C58F4B7008C7C94 /* SUNGirl.h */,
				839696611C58F4B7008C7C94 /* SUNGirl.m */,
				839696631C58F4CB008C7C94 /* SUNDj.h */,
				839696641C58F4CB008C7C94 /* SUNDj.m */,
				839696661C590013008C7C94 /* README.txt */,
			);
			path = HomeTask3;
			sourceTree = "<group>";
		};
/* End PBXGroup section */

/* Begin PBXNativeTarget section */
		839696521C58F249008C7C94 /* HomeTask3 */ = {
			isa = PBXNativeTarget;
			buildConfigurationList = 8396965A1C58F249008C7C94 /* Build configuration list for PBXNativeTarget "HomeTask3" */;
			buildPhases = (
				8396964F1C58F249008C7C94 /* Sources */,
				839696501C58F249008C7C94 /* Frameworks */,
				839696511C58F249008C7C94 /* CopyFiles */,
			);
			buildRules = (
			);
			dependencies = (
			);
			name = HomeTask3;
			productName = HomeTask3;
			productReference = 839696531C58F249008C7C94 /* HomeTask3 */;
			productType = "com.apple.product-type.tool";
		};
/* End PBXNativeTarget section */

/* Begin PBXProject section */
		8396964B1C58F249008C7C94 /* Project object */ = {
			isa = PBXProject;
			attributes = {
				LastUpgradeCheck = 0720;
				ORGANIZATIONNAME = 123;
				TargetAttributes = {
					839696521C58F249008C7C94 = {
						CreatedOnToolsVersion = 7.2;
					};
				};
			};
			buildConfigurationList = 8396964E1C58F249008C7C94 /* Build configuration list for PBXProject "HomeTask3" */;
			compatibilityVersion = "Xcode 3.2";
			developmentRegion = English;
			hasScannedForEncodings = 0;
			knownRegions = (
				en,
			);
			mainGroup = 8396964A1C58F249008C7C94;
			productRefGroup = 839696541C58F249008C7C94 /* Products */;
			projectDirPath = "";
			projectRoot = "";
			targets = (
				839696521C58F249008C7C94 /* HomeTask3 */,
			);
		};
/* End PBXProject section */

/* Begin PBXSourcesBuildPhase section */
		8396964F1C58F249008C7C94 /* Sources */ = {
			isa = PBXSourcesBuildPhase;
			buildActionMask = 2147483647;
			files = (
				839696621C58F4B7008C7C94 /* SUNGirl.m in Sources */,
				839696571C58F249008C7C94 /* main.m in Sources */,
				839696651C58F4CB008C7C94 /* SUNDj.m in Sources */,
				8396965F1C58F48D008C7C94 /* SUNBoy.m in Sources */,
			);
			runOnlyForDeploymentPostprocessing = 0;
		};
/* End PBXSourcesBuildPhase section */

/* Begin XCBuildConfiguration section */
		839696581C58F249008C7C94 /* Debug */ = {
			isa = XCBuildConfiguration;
			buildSettings = {
				ALWAYS_SEARCH_USER_PATHS = NO;
				CLANG_CXX_LANGUAGE_STANDARD = "gnu++0x";
				CLANG_CXX_LIBRARY = "libc++";
				CLANG_ENABLE_MODULES = YES;
				CLANG_ENABLE_OBJC_ARC = YES;
				CLANG_WARN_BOOL_CONVERSION = YES;
				CLANG_WARN_CONSTANT_CONVERSION = YES;
				CLANG_WARN_DIRECT_OBJC_ISA_USAGE = YES_ERROR;
				CLANG_WARN_EMPTY_BODY = YES;
				CLANG_WARN_ENUM_CONVERSION = YES;
				CLANG_WARN_INT_CONVERSION = YES;
				CLANG_WARN_OBJC_ROOT_CLASS = YES_ERROR;
				CLANG_WARN_UNREACHABLE_CODE = YES;
				CLANG_WARN__DUPLICATE_METHOD_MATCH = YES;
				CODE_SIGN_IDENTITY = "-";
				COPY_PHASE_STRIP = NO;
				DEBUG_INFORMATION_FORMAT = dwarf;
				ENABLE_STRICT_OBJC_MSGSEND = YES;
				ENABLE_TESTABILITY = YES;
				GCC_C_LANGUAGE_STANDARD = gnu99;
				GCC_DYNAMIC_NO_PIC = NO;
				GCC_NO_COMMON_BLOCKS = YES;
				GCC_OPTIMIZATION_LEVEL = 0;
				GCC_PREPROCESSOR_DEFINITIONS = (
					"DEBUG=1",
					"$(inherited)",
				);
				GCC_WARN_64_TO_32_BIT_CONVERSION = YES;
				GCC_WARN_ABOUT_RETURN_TYPE = YES_ERROR;
				GCC_WARN_UNDECLARED_SELECTOR = YES;
				GCC_WARN_UNINITIALIZED_AUTOS = YES_AGGRESSIVE;
				GCC_WARN_UNUSED_FUNCTION = YES;
				GCC_WARN_UNUSED_VARIABLE = YES;
				MACOSX_DEPLOYMENT_TARGET = 10.10;
				MTL_ENABLE_DEBUG_INFO = YES;
				ONLY_ACTIVE_ARCH = YES;
				SDKROOT = macosx;
			};
			name = Debug;
		};
		839696591C58F249008C7C94 /* Release */ = {
			isa = XCBuildConfiguration;
			buildSettings = {
				ALWAYS_SEARCH_USER_PATHS = NO;
				CLANG_CXX_LANGUAGE_STANDARD = "gnu++0x";
				CLANG_CXX_LIBRARY = "libc++";
				CLANG_ENABLE_MODULES = YES;
				CLANG_ENABLE_OBJC_ARC = YES;
				CLANG_WARN_BOOL_CONVERSION = YES;
				CLANG_WARN_CONSTANT_CONVERSION = YES;
				CLANG_WARN_DIRECT_OBJC_ISA_USAGE = YES_ERROR;
				CLANG_WARN_EMPTY_BODY = YES;
				CLANG_WARN_ENUM_CONVERSION = YES;
				CLANG_WARN_INT_CONVERSION = YES;
				CLANG_WARN_OBJC_ROOT_CLASS = YES_ERROR;
				CLANG_WARN_UNREACHABLE_CODE = YES;
				CLANG_WARN__DUPLICATE_METHOD_MATCH = YES;
				CODE_SIGN_IDENTITY = "-";
				COPY_PHASE_STRIP = NO;
				DEBUG_INFORMATION_FORMAT = "dwarf-with-dsym";
				ENABLE_NS_ASSERTIONS = NO;
				ENABLE_STRICT_OBJC_MSGSEND = YES;
				GCC_C_LANGUAGE_STANDARD = gnu99;
				GCC_NO_COMMON_BLOCKS = YES;
				GCC_WARN_64_TO_32_BIT_CONVERSION = YES;
				GCC_WARN_ABOUT_RETURN_TYPE = YES_ERROR;
				GCC_WARN_UNDECLARED_SELECTOR = YES;
				GCC_WARN_UNINITIALIZED_AUTOS = YES_AGGRESSIVE;
				GCC_WARN_UNUSED_FUNCTION = YES;
				GCC_WARN_UNUSED_VARIABLE = YES;
				MACOSX_DEPLOYMENT_TARGET = 10.10;
				MTL_ENABLE_DEBUG_INFO = NO;
				SDKROOT = macosx;
			};
			name = Release;
		};
		8396965B1C58F249008C7C94 /* Debug */ = {
			isa = XCBuildConfiguration;
			buildSettings = {
				PRODUCT_NAME = "$(TARGET_NAME)";
			};
			name = Debug;
		};
		8396965C1C58F249008C7C94 /* Release */ = {
			isa = XCBuildConfiguration;
			buildSettings = {
				PRODUCT_NAME = "$(TARGET_NAME)";
			};
			name = Release;
		};
/* End XCBuildConfiguration section */

/* Begin XCConfigurationList section */
		8396964E1C58F249008C7C94 /* Build configuration list for PBXProject "HomeTask3" */ = {
			isa = XCConfigurationList;
			buildConfigurations = (
				839696581C58F249008C7C94 /* Debug */,
				839696591C58F249008C7C94 /* Release */,
			);
			defaultConfigurationIsVisible = 0;
			defaultConfigurationName = Release;
		};
		8396965A1C58F249008C7C94 /* Build configuration list for PBXNativeTarget "HomeTask3" */ = {
			isa = XCConfigurationList;
			buildConfigurations = (
				8396965B1C58F249008C7C94 /* Debug */,
				8396965C1C58F249008C7C94 /* Release */,
			);
			defaultConfigurationIsVisible = 0;
		};
/* End XCConfigurationList section */
	};
	rootObject = 8396964B1C58F249008C7C94 /* Project object */;
}
